
Microsoft Visual Studio Solution File, Format Version 12.00
# Visual Studio Version 16
VisualStudioVersion = 16.0.31613.86
MinimumVisualStudioVersion = 10.0.40219.1
Project("{FAE04EC0-301F-11D3-BF4B-00C04F79EFBC}") = "VehicleFinder", "VehicleFinder\VehicleFinder.csproj", "{E8B4FE1D-1F0F-476A-A77E-FFAC580777E1}"
EndProject
Global
	GlobalSection(SolutionConfigurationPlatforms) = preSolution
		Debug|Any CPU = Debug|Any CPU
		Release|Any CPU = Release|Any CPU
	EndGlobalSection
	GlobalSection(ProjectConfigurationPlatforms) = postSolution
		{E8B4FE1D-1F0F-476A-A77E-FFAC580777E1}.Debug|Any CPU.ActiveCfg = Debug|Any CPU
		{E8B4FE1D-1F0F-476A-A77E-FFAC580777E1}.Debug|Any CPU.Build.0 = Debug|Any CPU
		{E8B4FE1D-1F0F-476A-A77E-FFAC580777E1}.Release|Any CPU.ActiveCfg = Release|Any CPU
		{E8B4FE1D-1F0F-476A-A77E-FFAC580777E1}.Release|Any CPU.Build.0 = Release|Any CPU
	EndGlobalSection
	GlobalSection(SolutionProperties) = preSolution
		HideSolutionNode = FALSE
	EndGlobalSection
	GlobalSection(ExtensibilityGlobals) = postSolution
		SolutionGuid = {E41BB734-BFD6-47E0-8BD9-970D738B8630}
	EndGlobalSection
EndGlobal
